
Microsoft Visual Studio Solution File, Format Version 12.00
# Visual Studio 15
VisualStudioVersion = 15.0.27703.2035
MinimumVisualStudioVersion = 10.0.40219.1
Project("{9A19103F-16F7-4668-BE54-9A1E7A4F7556}") = "Validator", "src\Validator\Validator.csproj", "{6B007189-0611-4156-836D-53C633470BEB}"
EndProject
Project("{9A19103F-16F7-4668-BE54-9A1E7A4F7556}") = "Validator.Tests", "test\Validator.Tests\Validator.Tests.csproj", "{7BC59B54-EC75-4DDA-AD8C-78E6E1E8549F}"
EndProject
Global
	GlobalSection(SolutionConfigurationPlatforms) = preSolution
		Debug|Any CPU = Debug|Any CPU
		Release|Any CPU = Release|Any CPU
	EndGlobalSection
	GlobalSection(ProjectConfigurationPlatforms) = postSolution
		{6B007189-0611-4156-836D-53C633470BEB}.Debug|Any CPU.ActiveCfg = Debug|Any CPU
		{6B007189-0611-4156-836D-53C633470BEB}.Debug|Any CPU.Build.0 = Debug|Any CPU
		{6B007189-0611-4156-836D-53C633470BEB}.Release|Any CPU.ActiveCfg = Release|Any CPU
		{6B007189-0611-4156-836D-53C633470BEB}.Release|Any CPU.Build.0 = Release|Any CPU
		{7BC59B54-EC75-4DDA-AD8C-78E6E1E8549F}.Debug|Any CPU.ActiveCfg = Debug|Any CPU
		{7BC59B54-EC75-4DDA-AD8C-78E6E1E8549F}.Debug|Any CPU.Build.0 = Debug|Any CPU
		{7BC59B54-EC75-4DDA-AD8C-78E6E1E8549F}.Release|Any CPU.ActiveCfg = Release|Any CPU
		{7BC59B54-EC75-4DDA-AD8C-78E6E1E8549F}.Release|Any CPU.Build.0 = Release|Any CPU
	EndGlobalSection
	GlobalSection(SolutionProperties) = preSolution
		HideSolutionNode = FALSE
	EndGlobalSection
	GlobalSection(ExtensibilityGlobals) = postSolution
		SolutionGuid = {2AE4F4A8-86FA-47E1-9215-7FD0FACA9270}
	EndGlobalSection
EndGlobal
